
Microsoft Visual Studio Solution File, Format Version 12.00
# Visual Studio Version 16
VisualStudioVersion = 16.0.34931.43
MinimumVisualStudioVersion = 10.0.40219.1
Project("{FAE04EC0-301F-11D3-BF4B-00C04F79EFBC}") = "prac30", "prac30.csproj", "{64FBD2AA-351A-461D-9BFA-76A115148416}"
EndProject
Global
	GlobalSection(SolutionConfigurationPlatforms) = preSolution
		Debug|Any CPU = Debug|Any CPU
		Release|Any CPU = Release|Any CPU
	EndGlobalSection
	GlobalSection(ProjectConfigurationPlatforms) = postSolution
		{64FBD2AA-351A-461D-9BFA-76A115148416}.Debug|Any CPU.ActiveCfg = Debug|Any CPU
		{64FBD2AA-351A-461D-9BFA-76A115148416}.Debug|Any CPU.Build.0 = Debug|Any CPU
		{64FBD2AA-351A-461D-9BFA-76A115148416}.Release|Any CPU.ActiveCfg = Release|Any CPU
		{64FBD2AA-351A-461D-9BFA-76A115148416}.Release|Any CPU.Build.0 = Release|Any CPU
	EndGlobalSection
	GlobalSection(SolutionProperties) = preSolution
		HideSolutionNode = FALSE
	EndGlobalSection
	GlobalSection(ExtensibilityGlobals) = postSolution
		SolutionGuid = {BAB5F240-CD16-4237-95F0-1931950ECFB8}
	EndGlobalSection
EndGlobal
